
Microsoft Visual Studio Solution File, Format Version 12.00
# Visual Studio Version 17
VisualStudioVersion = 17.0.31903.59
MinimumVisualStudioVersion = 10.0.40219.1
Project("{2150E333-8FDC-42A3-9474-1A3956D46DE8}") = "src", "src", "{827E0CD3-B72D-47B6-A68D-7590B98EB39B}"
EndProject
Project("{F2A71F9B-5D33-465A-A702-920D77279786}") = "TgLLM.Core", "src\TgLLM.Core\TgLLM.Core.fsproj", "{2CE1F89F-0174-4FAA-B61E-57AB61E80551}"
EndProject
Project("{F2A71F9B-5D33-465A-A702-920D77279786}") = "TgLLM.BotApi", "src\TgLLM.BotApi\TgLLM.BotApi.fsproj", "{E6BE8740-8ED4-45B5-AC5B-FC80DA3CA340}"
EndProject
Project("{F2A71F9B-5D33-465A-A702-920D77279786}") = "TgLLM.Webhooks", "src\TgLLM.Webhooks\TgLLM.Webhooks.fsproj", "{DEA7EBC4-8F42-42B3-93B7-F538E0DE0527}"
EndProject
Project("{F2A71F9B-5D33-465A-A702-920D77279786}") = "TgLLM.AspNetCore", "src\TgLLM.AspNetCore\TgLLM.AspNetCore.fsproj", "{3CE712F4-FF38-4F86-B1F1-98487AAB839C}"
EndProject
Project("{F2A71F9B-5D33-465A-A702-920D77279786}") = "TgLLM.FSharp", "src\TgLLM.FSharp\TgLLM.FSharp.fsproj", "{D2ED0CF6-B83E-4E49-A35D-FF69E9408FE5}"
EndProject
Project("{FAE04EC0-301F-11D3-BF4B-00C04F79EFBC}") = "TgLLM.CSharp", "src\TgLLM.CSharp\TgLLM.CSharp.csproj", "{3EC29C5D-5042-4CE7-8C5B-FAB30338A4A1}"
EndProject
Project("{2150E333-8FDC-42A3-9474-1A3956D46DE8}") = "tests", "tests", "{0AB3BF05-4346-4AA6-1389-037BE0695223}"
EndProject
Project("{F2A71F9B-5D33-465A-A702-920D77279786}") = "TgLLM.Core.Tests", "tests\TgLLM.Core.Tests\TgLLM.Core.Tests.fsproj", "{2C2E654C-CB35-46BD-8C95-475272462884}"
EndProject
Project("{FAE04EC0-301F-11D3-BF4B-00C04F79EFBC}") = "TgLLM.CSharp.Tests", "tests\TgLLM.CSharp.Tests\TgLLM.CSharp.Tests.csproj", "{57478027-A3F9-4A6A-A0B5-21F12A85B5B1}"
EndProject
Project("{F2A71F9B-5D33-465A-A702-920D77279786}") = "TgLLM.Integration.Tests", "tests\TgLLM.Integration.Tests\TgLLM.Integration.Tests.fsproj", "{3B506222-60E3-4237-8A1B-AAA6CBC3FCFF}"
EndProject
Project("{2150E333-8FDC-42A3-9474-1A3956D46DE8}") = "examples", "examples", "{B36A84DF-456D-A817-6EDD-3EC3E7F6E11F}"
EndProject
Project("{F2A71F9B-5D33-465A-A702-920D77279786}") = "PollingFSharp", "examples\PollingFSharp\PollingFSharp.fsproj", "{B2CB302F-15F5-446B-8BB9-CF43FE68D95C}"
EndProject
Project("{FAE04EC0-301F-11D3-BF4B-00C04F79EFBC}") = "PollingCSharp", "examples\PollingCSharp\PollingCSharp.csproj", "{3C808C44-1376-404B-A7B2-EF6DAF069D91}"
EndProject
Project("{F2A71F9B-5D33-465A-A702-920D77279786}") = "WebhookFSharp", "examples\WebhookFSharp\WebhookFSharp.fsproj", "{FBB01F22-0222-4694-B4FE-58317F3FDDD6}"
EndProject
Project("{FAE04EC0-301F-11D3-BF4B-00C04F79EFBC}") = "WebhookCSharp", "examples\WebhookCSharp\WebhookCSharp.csproj", "{5E5B93E4-7D24-49FD-8A4D-45892252CB73}"
EndProject
Global
	GlobalSection(SolutionConfigurationPlatforms) = preSolution
		Debug|Any CPU = Debug|Any CPU
		Debug|x64 = Debug|x64
		Debug|x86 = Debug|x86
		Release|Any CPU = Release|Any CPU
		Release|x64 = Release|x64
		Release|x86 = Release|x86
	EndGlobalSection
	GlobalSection(ProjectConfigurationPlatforms) = postSolution
		{2CE1F89F-0174-4FAA-B61E-57AB61E80551}.Debug|Any CPU.ActiveCfg = Debug|Any CPU
		{2CE1F89F-0174-4FAA-B61E-57AB61E80551}.Debug|Any CPU.Build.0 = Debug|Any CPU
		{2CE1F89F-0174-4FAA-B61E-57AB61E80551}.Debug|x64.ActiveCfg = Debug|Any CPU
		{2CE1F89F-0174-4FAA-B61E-57AB61E80551}.Debug|x64.Build.0 = Debug|Any CPU
		{2CE1F89F-0174-4FAA-B61E-57AB61E80551}.Debug|x86.ActiveCfg = Debug|Any CPU
		{2CE1F89F-0174-4FAA-B61E-57AB61E80551}.Debug|x86.Build.0 = Debug|Any CPU
		{2CE1F89F-0174-4FAA-B61E-57AB61E80551}.Release|Any CPU.ActiveCfg = Release|Any CPU
		{2CE1F89F-0174-4FAA-B61E-57AB61E80551}.Release|Any CPU.Build.0 = Release|Any CPU
		{2CE1F89F-0174-4FAA-B61E-57AB61E80551}.Release|x64.ActiveCfg = Release|Any CPU
		{2CE1F89F-0174-4FAA-B61E-57AB61E80551}.Release|x64.Build.0 = Release|Any CPU
		{2CE1F89F-0174-4FAA-B61E-57AB61E80551}.Release|x86.ActiveCfg = Release|Any CPU
		{2CE1F89F-0174-4FAA-B61E-57AB61E80551}.Release|x86.Build.0 = Release|Any CPU
		{E6BE8740-8ED4-45B5-AC5B-FC80DA3CA340}.Debug|Any CPU.ActiveCfg = Debug|Any CPU
		{E6BE8740-8ED4-45B5-AC5B-FC80DA3CA340}.Debug|Any CPU.Build.0 = Debug|Any CPU
		{E6BE8740-8ED4-45B5-AC5B-FC80DA3CA340}.Debug|x64.ActiveCfg = Debug|Any CPU
		{E6BE8740-8ED4-45B5-AC5B-FC80DA3CA340}.Debug|x64.Build.0 = Debug|Any CPU
		{E6BE8740-8ED4-45B5-AC5B-FC80DA3CA340}.Debug|x86.ActiveCfg = Debug|Any CPU
		{E6BE8740-8ED4-45B5-AC5B-FC80DA3CA340}.Debug|x86.Build.0 = Debug|Any CPU
		{E6BE8740-8ED4-45B5-AC5B-FC80DA3CA340}.Release|Any CPU.ActiveCfg = Release|Any CPU
		{E6BE8740-8ED4-45B5-AC5B-FC80DA3CA340}.Release|Any CPU.Build.0 = Release|Any CPU
		{E6BE8740-8ED4-45B5-AC5B-FC80DA3CA340}.Release|x64.ActiveCfg = Release|Any CPU
		{E6BE8740-8ED4-45B5-AC5B-FC80DA3CA340}.Release|x64.Build.0 = Release|Any CPU
		{E6BE8740-8ED4-45B5-AC5B-FC80DA3CA340}.Release|x86.ActiveCfg = Release|Any CPU
		{E6BE8740-8ED4-45B5-AC5B-FC80DA3CA340}.Release|x86.Build.0 = Release|Any CPU
		{DEA7EBC4-8F42-42B3-93B7-F538E0DE0527}.Debug|Any CPU.ActiveCfg = Debug|Any CPU
		{DEA7EBC4-8F42-42B3-93B7-F538E0DE0527}.Debug|Any CPU.Build.0 = Debug|Any CPU
		{DEA7EBC4-8F42-42B3-93B7-F538E0DE0527}.Debug|x64.ActiveCfg = Debug|Any CPU
		{DEA7EBC4-8F42-42B3-93B7-F538E0DE0527}.Debug|x64.Build.0 = Debug|Any CPU
		{DEA7EBC4-8F42-42B3-93B7-F538E0DE0527}.Debug|x86.ActiveCfg = Debug|Any CPU
		{DEA7EBC4-8F42-42B3-93B7-F538E0DE0527}.Debug|x86.Build.0 = Debug|Any CPU
		{DEA7EBC4-8F42-42B3-93B7-F538E0DE0527}.Release|Any CPU.ActiveCfg = Release|Any CPU
		{DEA7EBC4-8F42-42B3-93B7-F538E0DE0527}.Release|Any CPU.Build.0 = Release|Any CPU
		{DEA7EBC4-8F42-42B3-93B7-F538E0DE0527}.Release|x64.ActiveCfg = Release|Any CPU
		{DEA7EBC4-8F42-42B3-93B7-F538E0DE0527}.Release|x64.Build.0 = Release|Any CPU
		{DEA7EBC4-8F42-42B3-93B7-F538E0DE0527}.Release|x86.ActiveCfg = Release|Any CPU
		{DEA7EBC4-8F42-42B3-93B7-F538E0DE0527}.Release|x86.Build.0 = Release|Any CPU
		{3CE712F4-FF38-4F86-B1F1-98487AAB839C}.Debug|Any CPU.ActiveCfg = Debug|Any CPU
		{3CE712F4-FF38-4F86-B1F1-98487AAB839C}.Debug|Any CPU.Build.0 = Debug|Any CPU
		{3CE712F4-FF38-4F86-B1F1-98487AAB839C}.Debug|x64.ActiveCfg = Debug|Any CPU
		{3CE712F4-FF38-4F86-B1F1-98487AAB839C}.Debug|x64.Build.0 = Debug|Any CPU
		{3CE712F4-FF38-4F86-B1F1-98487AAB839C}.Debug|x86.ActiveCfg = Debug|Any CPU
		{3CE712F4-FF38-4F86-B1F1-98487AAB839C}.Debug|x86.Build.0 = Debug|Any CPU
		{3CE712F4-FF38-4F86-B1F1-98487AAB839C}.Release|Any CPU.ActiveCfg = Release|Any CPU
		{3CE712F4-FF38-4F86-B1F1-98487AAB839C}.Release|Any CPU.Build.0 = Release|Any CPU
		{3CE712F4-FF38-4F86-B1F1-98487AAB839C}.Release|x64.ActiveCfg = Release|Any CPU
		{3CE712F4-FF38-4F86-B1F1-98487AAB839C}.Release|x64.Build.0 = Release|Any CPU
		{3CE712F4-FF38-4F86-B1F1-98487AAB839C}.Release|x86.ActiveCfg = Release|Any CPU
		{3CE712F4-FF38-4F86-B1F1-98487AAB839C}.Release|x86.Build.0 = Release|Any CPU
		{D2ED0CF6-B83E-4E49-A35D-FF69E9408FE5}.Debug|Any CPU.ActiveCfg = Debug|Any CPU
		{D2ED0CF6-B83E-4E49-A35D-FF69E9408FE5}.Debug|Any CPU.Build.0 = Debug|Any CPU
		{D2ED0CF6-B83E-4E49-A35D-FF69E9408FE5}.Debug|x64.ActiveCfg = Debug|Any CPU
		{D2ED0CF6-B83E-4E49-A35D-FF69E9408FE5}.Debug|x64.Build.0 = Debug|Any CPU
		{D2ED0CF6-B83E-4E49-A35D-FF69E9408FE5}.Debug|x86.ActiveCfg = Debug|Any CPU
		{D2ED0CF6-B83E-4E49-A35D-FF69E9408FE5}.Debug|x86.Build.0 = Debug|Any CPU
		{D2ED0CF6-B83E-4E49-A35D-FF69E9408FE5}.Release|Any CPU.ActiveCfg = Release|Any CPU
		{D2ED0CF6-B83E-4E49-A35D-FF69E9408FE5}.Release|Any CPU.Build.0 = Release|Any CPU
		{D2ED0CF6-B83E-4E49-A35D-FF69E9408FE5}.Release|x64.ActiveCfg = Release|Any CPU
		{D2ED0CF6-B83E-4E49-A35D-FF69E9408FE5}.Release|x64.Build.0 = Release|Any CPU
		{D2ED0CF6-B83E-4E49-A35D-FF69E9408FE5}.Release|x86.ActiveCfg = Release|Any CPU
		{D2ED0CF6-B83E-4E49-A35D-FF69E9408FE5}.Release|x86.Build.0 = Release|Any CPU
		{3EC29C5D-5042-4CE7-8C5B-FAB30338A4A1}.Debug|Any CPU.ActiveCfg = Debug|Any CPU
		{3EC29C5D-5042-4CE7-8C5B-FAB30338A4A1}.Debug|Any CPU.Build.0 = Debug|Any CPU
		{3EC29C5D-5042-4CE7-8C5B-FAB30338A4A1}.Debug|x64.ActiveCfg = Debug|Any CPU
		{3EC29C5D-5042-4CE7-8C5B-FAB30338A4A1}.Debug|x64.Build.0 = Debug|Any CPU
		{3EC29C5D-5042-4CE7-8C5B-FAB30338A4A1}.Debug|x86.ActiveCfg = Debug|Any CPU
		{3EC29C5D-5042-4CE7-8C5B-FAB30338A4A1}.Debug|x86.Build.0 = Debug|Any CPU
		{3EC29C5D-5042-4CE7-8C5B-FAB30338A4A1}.Release|Any CPU.ActiveCfg = Release|Any CPU
		{3EC29C5D-5042-4CE7-8C5B-FAB30338A4A1}.Release|Any CPU.Build.0 = Release|Any CPU
		{3EC29C5D-5042-4CE7-8C5B-FAB30338A4A1}.Release|x64.ActiveCfg = Release|Any CPU
		{3EC29C5D-5042-4CE7-8C5B-FAB30338A4A1}.Release|x64.Build.0 = Release|Any CPU
		{3EC29C5D-5042-4CE7-8C5B-FAB30338A4A1}.Release|x86.ActiveCfg = Release|Any CPU
		{3EC29C5D-5042-4CE7-8C5B-FAB30338A4A1}.Release|x86.Build.0 = Release|Any CPU
		{2C2E654C-CB35-46BD-8C95-475272462884}.Debug|Any CPU.ActiveCfg = Debug|Any CPU
		{2C2E654C-CB35-46BD-8C95-475272462884}.Debug|Any CPU.Build.0 = Debug|Any CPU
		{2C2E654C-CB35-46BD-8C95-475272462884}.Debug|x64.ActiveCfg = Debug|Any CPU
		{2C2E654C-CB35-46BD-8C95-475272462884}.Debug|x64.Build.0 = Debug|Any CPU
		{2C2E654C-CB35-46BD-8C95-475272462884}.Debug|x86.ActiveCfg = Debug|Any CPU
		{2C2E654C-CB35-46BD-8C95-475272462884}.Debug|x86.Build.0 = Debug|Any CPU
		{2C2E654C-CB35-46BD-8C95-475272462884}.Release|Any CPU.ActiveCfg = Release|Any CPU
		{2C2E654C-CB35-46BD-8C95-475272462884}.Release|Any CPU.Build.0 = Release|Any CPU
		{2C2E654C-CB35-46BD-8C95-475272462884}.Release|x64.ActiveCfg = Release|Any CPU
		{2C2E654C-CB35-46BD-8C95-475272462884}.Release|x64.Build.0 = Release|Any CPU
		{2C2E654C-CB35-46BD-8C95-475272462884}.Release|x86.ActiveCfg = Release|Any CPU
		{2C2E654C-CB35-46BD-8C95-475272462884}.Release|x86.Build.0 = Release|Any CPU
		{57478027-A3F9-4A6A-A0B5-21F12A85B5B1}.Debug|Any CPU.ActiveCfg = Debug|Any CPU
		{57478027-A3F9-4A6A-A0B5-21F12A85B5B1}.Debug|Any CPU.Build.0 = Debug|Any CPU
		{57478027-A3F9-4A6A-A0B5-21F12A85B5B1}.Debug|x64.ActiveCfg = Debug|Any CPU
		{57478027-A3F9-4A6A-A0B5-21F12A85B5B1}.Debug|x64.Build.0 = Debug|Any CPU
		{57478027-A3F9-4A6A-A0B5-21F12A85B5B1}.Debug|x86.ActiveCfg = Debug|Any CPU
		{57478027-A3F9-4A6A-A0B5-21F12A85B5B1}.Debug|x86.Build.0 = Debug|Any CPU
		{57478027-A3F9-4A6A-A0B5-21F12A85B5B1}.Release|Any CPU.ActiveCfg = Release|Any CPU
		{57478027-A3F9-4A6A-A0B5-21F12A85B5B1}.Release|Any CPU.Build.0 = Release|Any CPU
		{57478027-A3F9-4A6A-A0B5-21F12A85B5B1}.Release|x64.ActiveCfg = Release|Any CPU
		{57478027-A3F9-4A6A-A0B5-21F12A85B5B1}.Release|x64.Build.0 = Release|Any CPU
		{57478027-A3F9-4A6A-A0B5-21F12A85B5B1}.Release|x86.ActiveCfg = Release|Any CPU
		{57478027-A3F9-4A6A-A0B5-21F12A85B5B1}.Release|x86.Build.0 = Release|Any CPU
		{3B506222-60E3-4237-8A1B-AAA6CBC3FCFF}.Debug|Any CPU.ActiveCfg = Debug|Any CPU
		{3B506222-60E3-4237-8A1B-AAA6CBC3FCFF}.Debug|Any CPU.Build.0 = Debug|Any CPU
		{3B506222-60E3-4237-8A1B-AAA6CBC3FCFF}.Debug|x64.ActiveCfg = Debug|Any CPU
		{3B506222-60E3-4237-8A1B-AAA6CBC3FCFF}.Debug|x64.Build.0 = Debug|Any CPU
		{3B506222-60E3-4237-8A1B-AAA6CBC3FCFF}.Debug|x86.ActiveCfg = Debug|Any CPU
		{3B506222-60E3-4237-8A1B-AAA6CBC3FCFF}.Debug|x86.Build.0 = Debug|Any CPU
		{3B506222-60E3-4237-8A1B-AAA6CBC3FCFF}.Release|Any CPU.ActiveCfg = Release|Any CPU
		{3B506222-60E3-4237-8A1B-AAA6CBC3FCFF}.Release|Any CPU.Build.0 = Release|Any CPU
		{3B506222-60E3-4237-8A1B-AAA6CBC3FCFF}.Release|x64.ActiveCfg = Release|Any CPU
		{3B506222-60E3-4237-8A1B-AAA6CBC3FCFF}.Release|x64.Build.0 = Release|Any CPU
		{3B506222-60E3-4237-8A1B-AAA6CBC3FCFF}.Release|x86.ActiveCfg = Release|Any CPU
		{3B506222-60E3-4237-8A1B-AAA6CBC3FCFF}.Release|x86.Build.0 = Release|Any CPU
		{B2CB302F-15F5-446B-8BB9-CF43FE68D95C}.Debug|Any CPU.ActiveCfg = Debug|Any CPU
		{B2CB302F-15F5-446B-8BB9-CF43FE68D95C}.Debug|Any CPU.Build.0 = Debug|Any CPU
		{B2CB302F-15F5-446B-8BB9-CF43FE68D95C}.Debug|x64.ActiveCfg = Debug|Any CPU
		{B2CB302F-15F5-446B-8BB9-CF43FE68D95C}.Debug|x64.Build.0 = Debug|Any CPU
		{B2CB302F-15F5-446B-8BB9-CF43FE68D95C}.Debug|x86.ActiveCfg = Debug|Any CPU
		{B2CB302F-15F5-446B-8BB9-CF43FE68D95C}.Debug|x86.Build.0 = Debug|Any CPU
		{B2CB302F-15F5-446B-8BB9-CF43FE68D95C}.Release|Any CPU.ActiveCfg = Release|Any CPU
		{B2CB302F-15F5-446B-8BB9-CF43FE68D95C}.Release|Any CPU.Build.0 = Release|Any CPU
		{B2CB302F-15F5-446B-8BB9-CF43FE68D95C}.Release|x64.ActiveCfg = Release|Any CPU
		{B2CB302F-15F5-446B-8BB9-CF43FE68D95C}.Release|x64.Build.0 = Release|Any CPU
		{B2CB302F-15F5-446B-8BB9-CF43FE68D95C}.Release|x86.ActiveCfg = Release|Any CPU
		{B2CB302F-15F5-446B-8BB9-CF43FE68D95C}.Release|x86.Build.0 = Release|Any CPU
		{3C808C44-1376-404B-A7B2-EF6DAF069D91}.Debug|Any CPU.ActiveCfg = Debug|Any CPU
		{3C808C44-1376-404B-A7B2-EF6DAF069D91}.Debug|Any CPU.Build.0 = Debug|Any CPU
		{3C808C44-1376-404B-A7B2-EF6DAF069D91}.Debug|x64.ActiveCfg = Debug|Any CPU
		{3C808C44-1376-404B-A7B2-EF6DAF069D91}.Debug|x64.Build.0 = Debug|Any CPU
		{3C808C44-1376-404B-A7B2-EF6DAF069D91}.Debug|x86.ActiveCfg = Debug|Any CPU
		{3C808C44-1376-404B-A7B2-EF6DAF069D91}.Debug|x86.Build.0 = Debug|Any CPU
		{3C808C44-1376-404B-A7B2-EF6DAF069D91}.Release|Any CPU.ActiveCfg = Release|Any CPU
		{3C808C44-1376-404B-A7B2-EF6DAF069D91}.Release|Any CPU.Build.0 = Release|Any CPU
		{3C808C44-1376-404B-A7B2-EF6DAF069D91}.Release|x64.ActiveCfg = Release|Any CPU
		{3C808C44-1376-404B-A7B2-EF6DAF069D91}.Release|x64.Build.0 = Release|Any CPU
		{3C808C44-1376-404B-A7B2-EF6DAF069D91}.Release|x86.ActiveCfg = Release|Any CPU
		{3C808C44-1376-404B-A7B2-EF6DAF069D91}.Release|x86.Build.0 = Release|Any CPU
		{FBB01F22-0222-4694-B4FE-58317F3FDDD6}.Debug|Any CPU.ActiveCfg = Debug|Any CPU
		{FBB01F22-0222-4694-B4FE-58317F3FDDD6}.Debug|Any CPU.Build.0 = Debug|Any CPU
		{FBB01F22-0222-4694-B4FE-58317F3FDDD6}.Debug|x64.ActiveCfg = Debug|Any CPU
		{FBB01F22-0222-4694-B4FE-58317F3FDDD6}.Debug|x64.Build.0 = Debug|Any CPU
		{FBB01F22-0222-4694-B4FE-58317F3FDDD6}.Debug|x86.ActiveCfg = Debug|Any CPU
		{FBB01F22-0222-4694-B4FE-58317F3FDDD6}.Debug|x86.Build.0 = Debug|Any CPU
		{FBB01F22-0222-4694-B4FE-58317F3FDDD6}.Release|Any CPU.ActiveCfg = Release|Any CPU
		{FBB01F22-0222-4694-B4FE-58317F3FDDD6}.Release|Any CPU.Build.0 = Release|Any CPU
		{FBB01F22-0222-4694-B4FE-58317F3FDDD6}.Release|x64.ActiveCfg = Release|Any CPU
		{FBB01F22-0222-4694-B4FE-58317F3FDDD6}.Release|x64.Build.0 = Release|Any CPU
		{FBB01F22-0222-4694-B4FE-58317F3FDDD6}.Release|x86.ActiveCfg = Release|Any CPU
		{FBB01F22-0222-4694-B4FE-58317F3FDDD6}.Release|x86.Build.0 = Release|Any CPU
		{5E5B93E4-7D24-49FD-8A4D-45892252CB73}.Debug|Any CPU.ActiveCfg = Debug|Any CPU
		{5E5B93E4-7D24-49FD-8A4D-45892252CB73}.Debug|Any CPU.Build.0 = Debug|Any CPU
		{5E5B93E4-7D24-49FD-8A4D-45892252CB73}.Debug|x64.ActiveCfg = Debug|Any CPU
		{5E5B93E4-7D24-49FD-8A4D-45892252CB73}.Debug|x64.Build.0 = Debug|Any CPU
		{5E5B93E4-7D24-49FD-8A4D-45892252CB73}.Debug|x86.ActiveCfg = Debug|Any CPU
		{5E5B93E4-7D24-49FD-8A4D-45892252CB73}.Debug|x86.Build.0 = Debug|Any CPU
		{5E5B93E4-7D24-49FD-8A4D-45892252CB73}.Release|Any CPU.ActiveCfg = Release|Any CPU
		{5E5B93E4-7D24-49FD-8A4D-45892252CB73}.Release|Any CPU.Build.0 = Release|Any CPU
		{5E5B93E4-7D24-49FD-8A4D-45892252CB73}.Release|x64.ActiveCfg = Release|Any CPU
		{5E5B93E4-7D24-49FD-8A4D-45892252CB73}.Release|x64.Build.0 = Release|Any CPU
		{5E5B93E4-7D24-49FD-8A4D-45892252CB73}.Release|x86.ActiveCfg = Release|Any CPU
		{5E5B93E4-7D24-49FD-8A4D-45892252CB73}.Release|x86.Build.0 = Release|Any CPU
	EndGlobalSection
	GlobalSection(SolutionProperties) = preSolution
		HideSolutionNode = FALSE
	EndGlobalSection
	GlobalSection(NestedProjects) = preSolution
		{2CE1F89F-0174-4FAA-B61E-57AB61E80551} = {827E0CD3-B72D-47B6-A68D-7590B98EB39B}
		{E6BE8740-8ED4-45B5-AC5B-FC80DA3CA340} = {827E0CD3-B72D-47B6-A68D-7590B98EB39B}
		{DEA7EBC4-8F42-42B3-93B7-F538E0DE0527} = {827E0CD3-B72D-47B6-A68D-7590B98EB39B}
		{3CE712F4-FF38-4F86-B1F1-98487AAB839C} = {827E0CD3-B72D-47B6-A68D-7590B98EB39B}
		{D2ED0CF6-B83E-4E49-A35D-FF69E9408FE5} = {827E0CD3-B72D-47B6-A68D-7590B98EB39B}
		{3EC29C5D-5042-4CE7-8C5B-FAB30338A4A1} = {827E0CD3-B72D-47B6-A68D-7590B98EB39B}
		{2C2E654C-CB35-46BD-8C95-475272462884} = {0AB3BF05-4346-4AA6-1389-037BE0695223}
		{57478027-A3F9-4A6A-A0B5-21F12A85B5B1} = {0AB3BF05-4346-4AA6-1389-037BE0695223}
		{3B506222-60E3-4237-8A1B-AAA6CBC3FCFF} = {0AB3BF05-4346-4AA6-1389-037BE0695223}
		{B2CB302F-15F5-446B-8BB9-CF43FE68D95C} = {B36A84DF-456D-A817-6EDD-3EC3E7F6E11F}
		{3C808C44-1376-404B-A7B2-EF6DAF069D91} = {B36A84DF-456D-A817-6EDD-3EC3E7F6E11F}
		{FBB01F22-0222-4694-B4FE-58317F3FDDD6} = {B36A84DF-456D-A817-6EDD-3EC3E7F6E11F}
		{5E5B93E4-7D24-49FD-8A4D-45892252CB73} = {B36A84DF-456D-A817-6EDD-3EC3E7F6E11F}
	EndGlobalSection
EndGlobal
